<Solution>
  <Folder Name="/API/">
    <Project Path="API/HRMS.API/HRMS.API.csproj" />
  </Folder>
  <Folder Name="/Modules/" />
  <Folder Name="/Modules/AnalyticsFeature/">
    <Project Path="Modules/AnalyticsFeature/AnalyticsFeature.Application/AnalyticsFeature.Application.csproj" />
    <Project Path="Modules/AnalyticsFeature/AnalyticsFeature.Domain/AnalyticsFeature.Domain.csproj" />
    <Project Path="Modules/AnalyticsFeature/AnalyticsFeature.GraphQL/AnalyticsFeature.GraphQL.csproj" />
    <Project Path="Modules/AnalyticsFeature/AnalyticsFeature.Infrastructure/AnalyticsFeature.Infrastructure.csproj" />
  </Folder>
  <Folder Name="/Modules/AnnouncementsFeature/">
    <Project Path="Modules/AnnouncementsFeature/AnnouncementsFeature.Application/AnnouncementsFeature.Application.csproj" />
    <Project Path="Modules/AnnouncementsFeature/AnnouncementsFeature.Domain/AnnouncementsFeature.Domain.csproj" />
    <Project Path="Modules/AnnouncementsFeature/AnnouncementsFeature.GraphQL/AnnouncementsFeature.GraphQL.csproj" />
    <Project Path="Modules/AnnouncementsFeature/AnnouncementsFeature.Infrastructure/AnnouncementsFeature.Infrastructure.csproj" />
  </Folder>
  <Folder Name="/Modules/AttendanceFeature/">
    <Project Path="Modules/AttendanceFeature/AttendanceFeature.Application/AttendanceFeature.Application.csproj" />
    <Project Path="Modules/AttendanceFeature/AttendanceFeature.Domain/AttendanceFeature.Domain.csproj" />
    <Project Path="Modules/AttendanceFeature/AttendanceFeature.GraphQL/AttendanceFeature.GraphQL.csproj" />
    <Project Path="Modules/AttendanceFeature/AttendanceFeature.Infrastructure/AttendanceFeature.Infrastructure.csproj" />
  </Folder>
  <Folder Name="/Modules/ContributionsFeature/">
    <Project Path="Modules/ContributionsFeature/ContributionsFeature.Application/ContributionsFeature.Application.csproj" />
    <Project Path="Modules/ContributionsFeature/ContributionsFeature.Domain/ContributionsFeature.Domain.csproj" />
    <Project Path="Modules/ContributionsFeature/ContributionsFeature.GraphQL/ContributionsFeature.GraphQL.csproj" />
    <Project Path="Modules/ContributionsFeature/ContributionsFeature.Infrastructure/ContributionsFeature.Infrastructure.csproj" />
  </Folder>
  <Folder Name="/Modules/DocumentsFeature/">
    <Project Path="Modules/DocumentsFeature/DocumentsFeature.Application/DocumentsFeature.Application.csproj" />
    <Project Path="Modules/DocumentsFeature/DocumentsFeature.Domain/DocumentsFeature.Domain.csproj" />
    <Project Path="Modules/DocumentsFeature/DocumentsFeature.GraphQL/DocumentsFeature.GraphQL.csproj" />
    <Project Path="Modules/DocumentsFeature/DocumentsFeature.Infrastructure/DocumentsFeature.Infrastructure.csproj" />
  </Folder>
  <Folder Name="/Modules/ExpensesFeature/">
    <Project Path="Modules/ExpensesFeature/ExpensesFeature.Application/ExpensesFeature.Application.csproj" />
    <Project Path="Modules/ExpensesFeature/ExpensesFeature.Domain/ExpensesFeature.Domain.csproj" />
    <Project Path="Modules/ExpensesFeature/ExpensesFeature.GraphQL/ExpensesFeature.GraphQL.csproj" />
    <Project Path="Modules/ExpensesFeature/ExpensesFeature.Infrastructure/ExpensesFeature.Infrastructure.csproj" />
  </Folder>
  <Folder Name="/Modules/HRCopilotFeature/">
    <Project Path="Modules/HRCopilotFeature/HRCopilotFeature.Application/HRCopilotFeature.Application.csproj" />
    <Project Path="Modules/HRCopilotFeature/HRCopilotFeature.Domain/HRCopilotFeature.Domain.csproj" />
    <Project Path="Modules/HRCopilotFeature/HRCopilotFeature.GraphQL/HRCopilotFeature.GraphQL.csproj" />
    <Project Path="Modules/HRCopilotFeature/HRCopilotFeature.Infrastructure/HRCopilotFeature.Infrastructure.csproj" />
  </Folder>
  <Folder Name="/Modules/LeaveFeature/">
    <Project Path="Modules/LeaveFeature/LeaveFeature.Application/LeaveFeature.Application.csproj" />
    <Project Path="Modules/LeaveFeature/LeaveFeature.Domain/LeaveFeature.Domain.csproj" />
    <Project Path="Modules/LeaveFeature/LeaveFeature.GraphQL/LeaveFeature.GraphQL.csproj" />
    <Project Path="Modules/LeaveFeature/LeaveFeature.Infrastructure/LeaveFeature.Infrastructure.csproj" />
  </Folder>
  <Folder Name="/Modules/OnboardingFeature/">
    <Project Path="Modules/OnboardingFeature/OnboardingFeature.Application/OnboardingFeature.Application.csproj" />
    <Project Path="Modules/OnboardingFeature/OnboardingFeature.Domain/OnboardingFeature.Domain.csproj" />
    <Project Path="Modules/OnboardingFeature/OnboardingFeature.GraphQL/OnboardingFeature.GraphQL.csproj" />
    <Project Path="Modules/OnboardingFeature/OnboardingFeature.Infrastructure/OnboardingFeature.Infrastructure.csproj" />
  </Folder>
  <Folder Name="/Modules/PayrollFeature/">
    <Project Path="Modules/PayrollFeature/PayrollFeature.Application/PayrollFeature.Application.csproj" />
    <Project Path="Modules/PayrollFeature/PayrollFeature.Domain/PayrollFeature.Domain.csproj" />
    <Project Path="Modules/PayrollFeature/PayrollFeature.GraphQL/PayrollFeature.GraphQL.csproj" />
    <Project Path="Modules/PayrollFeature/PayrollFeature.Infrastructure/PayrollFeature.Infrastructure.csproj" />
  </Folder>
  <Folder Name="/Modules/PerformanceFeature/">
    <Project Path="Modules/PerformanceFeature/PerformanceFeature.Application/PerformanceFeature.Application.csproj" />
    <Project Path="Modules/PerformanceFeature/PerformanceFeature.Domain/PerformanceFeature.Domain.csproj" />
    <Project Path="Modules/PerformanceFeature/PerformanceFeature.GraphQL/PerformanceFeature.GraphQL.csproj" />
    <Project Path="Modules/PerformanceFeature/PerformanceFeature.Infrastructure/PerformanceFeature.Infrastructure.csproj" />
  </Folder>
  <Folder Name="/Modules/RecognitionFeature/">
    <Project Path="Modules/RecognitionFeature/RecognitionFeature.Application/RecognitionFeature.Application.csproj" />
    <Project Path="Modules/RecognitionFeature/RecognitionFeature.Domain/RecognitionFeature.Domain.csproj" />
    <Project Path="Modules/RecognitionFeature/RecognitionFeature.GraphQL/RecognitionFeature.GraphQL.csproj" />
    <Project Path="Modules/RecognitionFeature/RecognitionFeature.Infrastructure/RecognitionFeature.Infrastructure.csproj" />
  </Folder>
  <Folder Name="/Modules/RecruitmentFeature/">
    <Project Path="Modules/RecruitmentFeature/RecruitmentFeature.Application/RecruitmentFeature.Application.csproj" />
    <Project Path="Modules/RecruitmentFeature/RecruitmentFeature.Domain/RecruitmentFeature.Domain.csproj" />
    <Project Path="Modules/RecruitmentFeature/RecruitmentFeature.GraphQL/RecruitmentFeature.GraphQL.csproj" />
    <Project Path="Modules/RecruitmentFeature/RecruitmentFeature.Infrastructure/RecruitmentFeature.Infrastructure.csproj" />
  </Folder>
  <Folder Name="/Modules/TeamFeature/">
    <Project Path="Modules/TeamFeature/TeamFeature.Application/TeamFeature.Application.csproj" />
    <Project Path="Modules/TeamFeature/TeamFeature.Domain/TeamFeature.Domain.csproj" />
    <Project Path="Modules/TeamFeature/TeamFeature.GraphQL/TeamFeature.GraphQL.csproj" />
    <Project Path="Modules/TeamFeature/TeamFeature.Infrastructure/TeamFeature.Infrastructure.csproj" />
  </Folder>
  <Folder Name="/Modules/TodoFeature/">
    <Project Path="Modules/TodoFeature/TodoFeature.Application/TodoFeature.Application.csproj" />
    <Project Path="Modules/TodoFeature/TodoFeature.Domain/TodoFeature.Domain.csproj" />
    <Project Path="Modules/TodoFeature/TodoFeature.GraphQL/TodoFeature.GraphQL.csproj" />
    <Project Path="Modules/TodoFeature/TodoFeature.Infrastructure/TodoFeature.Infrastructure.csproj" />
  </Folder>
  <Folder Name="/Modules/TrainingFeature/">
    <Project Path="Modules/TrainingFeature/TrainingFeature.Application/TrainingFeature.Application.csproj" />
    <Project Path="Modules/TrainingFeature/TrainingFeature.Domain/TrainingFeature.Domain.csproj" />
    <Project Path="Modules/TrainingFeature/TrainingFeature.GraphQL/TrainingFeature.GraphQL.csproj" />
    <Project Path="Modules/TrainingFeature/TrainingFeature.Infrastructure/TrainingFeature.Infrastructure.csproj" />
  </Folder>
  <Folder Name="/Modules/UserFeature/">
    <Project Path="Modules/UserFeature/UserFeature.Application/UserFeature.Application.csproj" />
    <Project Path="Modules/UserFeature/UserFeature.Domain/UserFeature.Domain.csproj" />
    <Project Path="Modules/UserFeature/UserFeature.GraphQL/UserFeature.GraphQL.csproj" />
    <Project Path="Modules/UserFeature/UserFeature.Infrastructure/UserFeature.Infrastructure.csproj" />
  </Folder>
  <Folder Name="/Shared/">
    <Project Path="Shared/HRMS.Shared.Application/HRMS.Shared.Application.csproj" />
    <Project Path="Shared/HRMS.Shared.Domain/HRMS.Shared.Domain.csproj" />
    <Project Path="Shared/HRMS.Shared.Infrastructure/HRMS.Shared.Infrastructure.csproj" />
  </Folder>
  <Folder Name="/Shared/HRMS.Shared.Core/">
    <Project Path="Shared/HRMS.Shared.Core/HRMS.Core.HttpHelper/HRMS.Core.HttpHelper.csproj" />
    <Project Path="Shared/HRMS.Shared.Core/HRMS.Core.KeyVault/HRMS.Core.KeyVault.csproj" />
    <Project Path="Shared/HRMS.Shared.Core/HRMS.Core.Postgres/HRMS.Core.Postgres.csproj" />
    <Project Path="Shared/HRMS.Shared.Core/HRMS.Core.Telemetry/HRMS.Core.Telemetry.csproj" />
  </Folder>
</Solution>
